
Microsoft Visual Studio Solution File, Format Version 12.00
# Visual Studio Version 16
VisualStudioVersion = 16.0.30611.23
MinimumVisualStudioVersion = 10.0.40219.1
Project("{FAE04EC0-301F-11D3-BF4B-00C04F79EFBC}") = "CapstoneProjectTaskList", "CapstoneProjectTaskList\CapstoneProjectTaskList.csproj", "{5DA24813-3D8C-4A84-B234-163187C4D8EA}"
EndProject
Global
	GlobalSection(SolutionConfigurationPlatforms) = preSolution
		Debug|Any CPU = Debug|Any CPU
		Release|Any CPU = Release|Any CPU
	EndGlobalSection
	GlobalSection(ProjectConfigurationPlatforms) = postSolution
		{5DA24813-3D8C-4A84-B234-163187C4D8EA}.Debug|Any CPU.ActiveCfg = Debug|Any CPU
		{5DA24813-3D8C-4A84-B234-163187C4D8EA}.Debug|Any CPU.Build.0 = Debug|Any CPU
		{5DA24813-3D8C-4A84-B234-163187C4D8EA}.Release|Any CPU.ActiveCfg = Release|Any CPU
		{5DA24813-3D8C-4A84-B234-163187C4D8EA}.Release|Any CPU.Build.0 = Release|Any CPU
	EndGlobalSection
	GlobalSection(SolutionProperties) = preSolution
		HideSolutionNode = FALSE
	EndGlobalSection
	GlobalSection(ExtensibilityGlobals) = postSolution
		SolutionGuid = {5027C7FE-4CCF-4088-99FC-8DCB0C693976}
	EndGlobalSection
EndGlobal
